{
  "name": "advanced-typescript-fundamentals",
  "version": "0.0.0",
  "lockfileVersion": 1,
  "requires": true,
  "dependencies": {
    "@maiertech/prettier-config": {
      "version": "1.0.1",
      "resolved": "https://registry.npmjs.org/@maiertech/prettier-config/-/prettier-config-1.0.1.tgz",
      "integrity": "sha512-oJkh0Hq/cJC1zbrrq/6eQfFWW3ftuoQTGQpQPslGpqNyd2ec6b9G194WZLSIER1e6FpSNSctHBrCMr+jZphB/g=="
    },
    "typescript": {
      "version": "4.3.4",
      "resolved": "https://registry.npmjs.org/typescript/-/typescript-4.3.4.tgz",
      "integrity": "sha512-uauPG7XZn9F/mo+7MrsRjyvbxFpzemRjKEZXS4AK83oP2KKOJPvb+9cO/gmnv8arWZvhnjVOXz7B49m1l0e9Ew=="
    }
  }
}
